
Microsoft Visual Studio Solution File, Format Version 12.00
# Visual Studio 15
Project("{FAE04EC0-301F-11D3-BF4B-00C04F79EFBC}") = "Unity.XR.Interaction.Toolkit.Samples.StarterAssets", "Unity.XR.Interaction.Toolkit.Samples.StarterAssets.csproj", "{F1CD2B76-2DB9-2DCA-996F-29B6778D3DC7}"
EndProject
Project("{FAE04EC0-301F-11D3-BF4B-00C04F79EFBC}") = "Assembly-CSharp", "Assembly-CSharp.csproj", "{55903884-33BE-3EF7-BB32-00B8BB3CD773}"
EndProject
Project("{FAE04EC0-301F-11D3-BF4B-00C04F79EFBC}") = "Assembly-CSharp-Editor", "Assembly-CSharp-Editor.csproj", "{96BFF0F1-0AB7-3582-8D13-A7251AF8FE9E}"
EndProject
Project("{FAE04EC0-301F-11D3-BF4B-00C04F79EFBC}") = "Unity.XR.Interaction.Toolkit.Samples.StarterAssets.Editor", "Unity.XR.Interaction.Toolkit.Samples.StarterAssets.Editor.csproj", "{A4A69DF7-6132-248F-24D0-495573E460E5}"
EndProject
Global
	GlobalSection(SolutionConfigurationPlatforms) = preSolution
		Debug|Any CPU = Debug|Any CPU
		Release|Any CPU = Release|Any CPU
	EndGlobalSection
	GlobalSection(ProjectConfigurationPlatforms) = postSolution
		{F1CD2B76-2DB9-2DCA-996F-29B6778D3DC7}.Debug|Any CPU.ActiveCfg = Debug|Any CPU
		{F1CD2B76-2DB9-2DCA-996F-29B6778D3DC7}.Debug|Any CPU.Build.0 = Debug|Any CPU
		{F1CD2B76-2DB9-2DCA-996F-29B6778D3DC7}.Release|Any CPU.ActiveCfg = Release|Any CPU
		{F1CD2B76-2DB9-2DCA-996F-29B6778D3DC7}.Release|Any CPU.Build.0 = Release|Any CPU
		{55903884-33BE-3EF7-BB32-00B8BB3CD773}.Debug|Any CPU.ActiveCfg = Debug|Any CPU
		{55903884-33BE-3EF7-BB32-00B8BB3CD773}.Debug|Any CPU.Build.0 = Debug|Any CPU
		{55903884-33BE-3EF7-BB32-00B8BB3CD773}.Release|Any CPU.ActiveCfg = Release|Any CPU
		{55903884-33BE-3EF7-BB32-00B8BB3CD773}.Release|Any CPU.Build.0 = Release|Any CPU
		{96BFF0F1-0AB7-3582-8D13-A7251AF8FE9E}.Debug|Any CPU.ActiveCfg = Debug|Any CPU
		{96BFF0F1-0AB7-3582-8D13-A7251AF8FE9E}.Debug|Any CPU.Build.0 = Debug|Any CPU
		{96BFF0F1-0AB7-3582-8D13-A7251AF8FE9E}.Release|Any CPU.ActiveCfg = Release|Any CPU
		{96BFF0F1-0AB7-3582-8D13-A7251AF8FE9E}.Release|Any CPU.Build.0 = Release|Any CPU
		{A4A69DF7-6132-248F-24D0-495573E460E5}.Debug|Any CPU.ActiveCfg = Debug|Any CPU
		{A4A69DF7-6132-248F-24D0-495573E460E5}.Debug|Any CPU.Build.0 = Debug|Any CPU
		{A4A69DF7-6132-248F-24D0-495573E460E5}.Release|Any CPU.ActiveCfg = Release|Any CPU
		{A4A69DF7-6132-248F-24D0-495573E460E5}.Release|Any CPU.Build.0 = Release|Any CPU
	EndGlobalSection
	GlobalSection(SolutionProperties) = preSolution
		HideSolutionNode = FALSE
	EndGlobalSection
EndGlobal
